
Microsoft Visual Studio Solution File, Format Version 12.00
# Visual Studio Version 17
VisualStudioVersion = 17.11.35327.3
MinimumVisualStudioVersion = 10.0.40219.1
Project("{FAE04EC0-301F-11D3-BF4B-00C04F79EFBC}") = "IKT_RolePlay", "IKT_RolePlay\IKT_RolePlay.csproj", "{EEF00A3F-A043-432F-9D88-94009E1C3519}"
EndProject
Global
	GlobalSection(SolutionConfigurationPlatforms) = preSolution
		Debug|Any CPU = Debug|Any CPU
		Release|Any CPU = Release|Any CPU
	EndGlobalSection
	GlobalSection(ProjectConfigurationPlatforms) = postSolution
		{EEF00A3F-A043-432F-9D88-94009E1C3519}.Debug|Any CPU.ActiveCfg = Debug|Any CPU
		{EEF00A3F-A043-432F-9D88-94009E1C3519}.Debug|Any CPU.Build.0 = Debug|Any CPU
		{EEF00A3F-A043-432F-9D88-94009E1C3519}.Release|Any CPU.ActiveCfg = Release|Any CPU
		{EEF00A3F-A043-432F-9D88-94009E1C3519}.Release|Any CPU.Build.0 = Release|Any CPU
	EndGlobalSection
	GlobalSection(SolutionProperties) = preSolution
		HideSolutionNode = FALSE
	EndGlobalSection
	GlobalSection(ExtensibilityGlobals) = postSolution
		SolutionGuid = {E80820C8-C829-4A34-81A4-199C15186A9A}
	EndGlobalSection
EndGlobal
